
Microsoft Visual Studio Solution File, Format Version 12.00
# Visual Studio Version 17
VisualStudioVersion = 17.0.31903.59
MinimumVisualStudioVersion = 10.0.40219.1
Project("{FAE04EC0-301F-11D3-BF4B-00C04F79EFBC}") = "EstoqueService", "EstoqueService\EstoqueService.csproj", "{636EAFD2-C2AC-4664-9178-9BFA91C769AE}"
EndProject
Project("{FAE04EC0-301F-11D3-BF4B-00C04F79EFBC}") = "FaturamentoService", "FaturamentoService\FaturamentoService.csproj", "{0D8013A9-0685-4D04-899E-DFA8E37B9249}"
EndProject
Global
	GlobalSection(SolutionConfigurationPlatforms) = preSolution
		Debug|Any CPU = Debug|Any CPU
		Debug|x64 = Debug|x64
		Debug|x86 = Debug|x86
		Release|Any CPU = Release|Any CPU
		Release|x64 = Release|x64
		Release|x86 = Release|x86
	EndGlobalSection
	GlobalSection(ProjectConfigurationPlatforms) = postSolution
		{636EAFD2-C2AC-4664-9178-9BFA91C769AE}.Debug|Any CPU.ActiveCfg = Debug|Any CPU
		{636EAFD2-C2AC-4664-9178-9BFA91C769AE}.Debug|Any CPU.Build.0 = Debug|Any CPU
		{636EAFD2-C2AC-4664-9178-9BFA91C769AE}.Debug|x64.ActiveCfg = Debug|Any CPU
		{636EAFD2-C2AC-4664-9178-9BFA91C769AE}.Debug|x64.Build.0 = Debug|Any CPU
		{636EAFD2-C2AC-4664-9178-9BFA91C769AE}.Debug|x86.ActiveCfg = Debug|Any CPU
		{636EAFD2-C2AC-4664-9178-9BFA91C769AE}.Debug|x86.Build.0 = Debug|Any CPU
		{636EAFD2-C2AC-4664-9178-9BFA91C769AE}.Release|Any CPU.ActiveCfg = Release|Any CPU
		{636EAFD2-C2AC-4664-9178-9BFA91C769AE}.Release|Any CPU.Build.0 = Release|Any CPU
		{636EAFD2-C2AC-4664-9178-9BFA91C769AE}.Release|x64.ActiveCfg = Release|Any CPU
		{636EAFD2-C2AC-4664-9178-9BFA91C769AE}.Release|x64.Build.0 = Release|Any CPU
		{636EAFD2-C2AC-4664-9178-9BFA91C769AE}.Release|x86.ActiveCfg = Release|Any CPU
		{636EAFD2-C2AC-4664-9178-9BFA91C769AE}.Release|x86.Build.0 = Release|Any CPU
		{0D8013A9-0685-4D04-899E-DFA8E37B9249}.Debug|Any CPU.ActiveCfg = Debug|Any CPU
		{0D8013A9-0685-4D04-899E-DFA8E37B9249}.Debug|Any CPU.Build.0 = Debug|Any CPU
		{0D8013A9-0685-4D04-899E-DFA8E37B9249}.Debug|x64.ActiveCfg = Debug|Any CPU
		{0D8013A9-0685-4D04-899E-DFA8E37B9249}.Debug|x64.Build.0 = Debug|Any CPU
		{0D8013A9-0685-4D04-899E-DFA8E37B9249}.Debug|x86.ActiveCfg = Debug|Any CPU
		{0D8013A9-0685-4D04-899E-DFA8E37B9249}.Debug|x86.Build.0 = Debug|Any CPU
		{0D8013A9-0685-4D04-899E-DFA8E37B9249}.Release|Any CPU.ActiveCfg = Release|Any CPU
		{0D8013A9-0685-4D04-899E-DFA8E37B9249}.Release|Any CPU.Build.0 = Release|Any CPU
		{0D8013A9-0685-4D04-899E-DFA8E37B9249}.Release|x64.ActiveCfg = Release|Any CPU
		{0D8013A9-0685-4D04-899E-DFA8E37B9249}.Release|x64.Build.0 = Release|Any CPU
		{0D8013A9-0685-4D04-899E-DFA8E37B9249}.Release|x86.ActiveCfg = Release|Any CPU
		{0D8013A9-0685-4D04-899E-DFA8E37B9249}.Release|x86.Build.0 = Release|Any CPU
	EndGlobalSection
	GlobalSection(SolutionProperties) = preSolution
		HideSolutionNode = FALSE
	EndGlobalSection
EndGlobal
